// !$*UTF8*$!
{
	archiveVersion = 1;
	classes = {
	};
	objectVersion = 77;
	objects = {

/* Begin PBXContainerItemProxy section */
		BD7A4F872CB5FD090004A320 /* PBXContainerItemProxy */ = {
			isa = PBXContainerItemProxy;
			containerPortal = BD7A4F6E2CB5FD070004A320 /* Project object */;
			proxyType = 1;
			remoteGlobalIDString = BD7A4F752CB5FD070004A320;
			remoteInfo = lab_4_paolo;
		};
		BD7A4F912CB5FD090004A320 /* PBXContainerItemProxy */ = {
			isa = PBXContainerItemProxy;
			containerPortal = BD7A4F6E2CB5FD070004A320 /* Project object */;
			proxyType = 1;
			remoteGlobalIDString = BD7A4F752CB5FD070004A320;
			remoteInfo = lab_4_paolo;
		};
/* End PBXContainerItemProxy section */

/* Begin PBXFileReference section */
		BD7A4F762CB5FD070004A320 /* lab_4_paolo.app */ = {isa = PBXFileReference; explicitFileType = wrapper.application; includeInIndex = 0; path = lab_4_paolo.app; sourceTree = BUILT_PRODUCTS_DIR; };
		BD7A4F862CB5FD090004A320 /* lab_4_paoloTests.xctest */ = {isa = PBXFileReference; explicitFileType = wrapper.cfbundle; includeInIndex = 0; path = lab_4_paoloTests.xctest; sourceTree = BUILT_PRODUCTS_DIR; };
		BD7A4F902CB5FD090004A320 /* lab_4_paoloUITests.xctest */ = {isa = PBXFileReference; explicitFileType = wrapper.cfbundle; includeInIndex = 0; path = lab_4_paoloUITests.xctest; sourceTree = BUILT_PRODUCTS_DIR; };
/* End PBXFileReference section */

/* Begin PBXFileSystemSynchronizedRootGroup section */
		BD7A4F782CB5FD070004A320 /* lab_4_paolo */ = {
			isa = PBXFileSystemSynchronizedRootGroup;
			path = lab_4_paolo;
			sourceTree = "<group>";
		};
		BD7A4F892CB5FD090004A320 /* lab_4_paoloTests */ = {
			isa = PBXFileSystemSynchronizedRootGroup;
			path = lab_4_paoloTests;
			sourceTree = "<group>";
		};
		BD7A4F932CB5FD090004A320 /* lab_4_paoloUITests */ = {
			isa = PBXFileSystemSynchronizedRootGroup;
			path = lab_4_paoloUITests;
			sourceTree = "<group>";
		};
/* End PBXFileSystemSynchronizedRootGroup section */

/* Begin PBXFrameworksBuildPhase section */
		BD7A4F732CB5FD070004A320 /* Frameworks */ = {
			isa = PBXFrameworksBuildPhase;
			buildActionMask = 2147483647;
			files = (
			);
			runOnlyForDeploymentPostprocessing = 0;
		};
		BD7A4F832CB5FD090004A320 /* Frameworks */ = {
			isa = PBXFrameworksBuildPhase;
			buildActionMask = 2147483647;
			files = (
			);
			runOnlyForDeploymentPostprocessing = 0;
		};
		BD7A4F8D2CB5FD090004A320 /* Frameworks */ = {
			isa = PBXFrameworksBuildPhase;
			buildActionMask = 2147483647;
			files = (
			);
			runOnlyForDeploymentPostprocessing = 0;
		};
/* End PBXFrameworksBuildPhase section */

/* Begin PBXGroup section */
		BD7A4F6D2CB5FD070004A320 = {
			isa = PBXGroup;
			children = (
				BD7A4F782CB5FD070004A320 /* lab_4_paolo */,
				BD7A4F892CB5FD090004A320 /* lab_4_paoloTests */,
				BD7A4F932CB5FD090004A320 /* lab_4_paoloUITests */,
				BD7A4F772CB5FD070004A320 /* Products */,
			);
			sourceTree = "<group>";
		};
		BD7A4F772CB5FD070004A320 /* Products */ = {
			isa = PBXGroup;
			children = (
				BD7A4F762CB5FD070004A320 /* lab_4_paolo.app */,
				BD7A4F862CB5FD090004A320 /* lab_4_paoloTests.xctest */,
				BD7A4F902CB5FD090004A320 /* lab_4_paoloUITests.xctest */,
			);
			name = Products;
			sourceTree = "<group>";
		};
/* End PBXGroup section */

/* Begin PBXNativeTarget section */
		BD7A4F752CB5FD070004A320 /* lab_4_paolo */ = {
			isa = PBXNativeTarget;
			buildConfigurationList = BD7A4F9A2CB5FD090004A320 /* Build configuration list for PBXNativeTarget "lab_4_paolo" */;
			buildPhases = (
				BD7A4F722CB5FD070004A320 /* Sources */,
				BD7A4F732CB5FD070004A320 /* Frameworks */,
				BD7A4F742CB5FD070004A320 /* Resources */,
			);
			buildRules = (
			);
			dependencies = (
			);
			fileSystemSynchronizedGroups = (
				BD7A4F782CB5FD070004A320 /* lab_4_paolo */,
			);
			name = lab_4_paolo;
			packageProductDependencies = (
			);
			productName = lab_4_paolo;
			productReference = BD7A4F762CB5FD070004A320 /* lab_4_paolo.app */;
			productType = "com.apple.product-type.application";
		};
		BD7A4F852CB5FD090004A320 /* lab_4_paoloTests */ = {
			isa = PBXNativeTarget;
			buildConfigurationList = BD7A4F9D2CB5FD090004A320 /* Build configuration list for PBXNativeTarget "lab_4_paoloTests" */;
			buildPhases = (
				BD7A4F822CB5FD090004A320 /* Sources */,
				BD7A4F832CB5FD090004A320 /* Frameworks */,
				BD7A4F842CB5FD090004A320 /* Resources */,
			);
			buildRules = (
			);
			dependencies = (
				BD7A4F882CB5FD090004A320 /* PBXTargetDependency */,
			);
			fileSystemSynchronizedGroups = (
				BD7A4F892CB5FD090004A320 /* lab_4_paoloTests */,
			);
			name = lab_4_paoloTests;
			packageProductDependencies = (
			);
			productName = lab_4_paoloTests;
			productReference = BD7A4F862CB5FD090004A320 /* lab_4_paoloTests.xctest */;
			productType = "com.apple.product-type.bundle.unit-test";
		};
		BD7A4F8F2CB5FD090004A320 /* lab_4_paoloUITests */ = {
			isa = PBXNativeTarget;
			buildConfigurationList = BD7A4FA02CB5FD090004A320 /* Build configuration list for PBXNativeTarget "lab_4_paoloUITests" */;
			buildPhases = (
				BD7A4F8C2CB5FD090004A320 /* Sources */,
				BD7A4F8D2CB5FD090004A320 /* Frameworks */,
				BD7A4F8E2CB5FD090004A320 /* Resources */,
			);
			buildRules = (
			);
			dependencies = (
				BD7A4F922CB5FD090004A320 /* PBXTargetDependency */,
			);
			fileSystemSynchronizedGroups = (
				BD7A4F932CB5FD090004A320 /* lab_4_paoloUITests */,
			);
			name = lab_4_paoloUITests;
			packageProductDependencies = (
			);
			productName = lab_4_paoloUITests;
			productReference = BD7A4F902CB5FD090004A320 /* lab_4_paoloUITests.xctest */;
			productType = "com.apple.product-type.bundle.ui-testing";
		};
/* End PBXNativeTarget section */

/* Begin PBXProject section */
		BD7A4F6E2CB5FD070004A320 /* Project object */ = {
			isa = PBXProject;
			attributes = {
				BuildIndependentTargetsInParallel = 1;
				LastSwiftUpdateCheck = 1600;
				LastUpgradeCheck = 1600;
				TargetAttributes = {
					BD7A4F752CB5FD070004A320 = {
						CreatedOnToolsVersion = 16.0;
					};
					BD7A4F852CB5FD090004A320 = {
						CreatedOnToolsVersion = 16.0;
						TestTargetID = BD7A4F752CB5FD070004A320;
					};
					BD7A4F8F2CB5FD090004A320 = {
						CreatedOnToolsVersion = 16.0;
						TestTargetID = BD7A4F752CB5FD070004A320;
					};
				};
			};
			buildConfigurationList = BD7A4F712CB5FD070004A320 /* Build configuration list for PBXProject "lab_4_paolo" */;
			developmentRegion = en;
			hasScannedForEncodings = 0;
			knownRegions = (
				en,
				Base,
			);
			mainGroup = BD7A4F6D2CB5FD070004A320;
			minimizedProjectReferenceProxies = 1;
			preferredProjectObjectVersion = 77;
			productRefGroup = BD7A4F772CB5FD070004A320 /* Products */;
			projectDirPath = "";
			projectRoot = "";
			targets = (
				BD7A4F752CB5FD070004A320 /* lab_4_paolo */,
				BD7A4F852CB5FD090004A320 /* lab_4_paoloTests */,
				BD7A4F8F2CB5FD090004A320 /* lab_4_paoloUITests */,
			);
		};
/* End PBXProject section */

/* Begin PBXResourcesBuildPhase section */
		BD7A4F742CB5FD070004A320 /* Resources */ = {
			isa = PBXResourcesBuildPhase;
			buildActionMask = 2147483647;
			files = (
			);
			runOnlyForDeploymentPostprocessing = 0;
		};
		BD7A4F842CB5FD090004A320 /* Resources */ = {
			isa = PBXResourcesBuildPhase;
			buildActionMask = 2147483647;
			files = (
			);
			runOnlyForDeploymentPostprocessing = 0;
		};
		BD7A4F8E2CB5FD090004A320 /* Resources */ = {
			isa = PBXResourcesBuildPhase;
			buildActionMask = 2147483647;
			files = (
			);
			runOnlyForDeploymentPostprocessing = 0;
		};
/* End PBXResourcesBuildPhase section */

/* Begin PBXSourcesBuildPhase section */
		BD7A4F722CB5FD070004A320 /* Sources */ = {
			isa = PBXSourcesBuildPhase;
			buildActionMask = 2147483647;
			files = (
			);
			runOnlyForDeploymentPostprocessing = 0;
		};
		BD7A4F822CB5FD090004A320 /* Sources */ = {
			isa = PBXSourcesBuildPhase;
			buildActionMask = 2147483647;
			files = (
			);
			runOnlyForDeploymentPostprocessing = 0;
		};
		BD7A4F8C2CB5FD090004A320 /* Sources */ = {
			isa = PBXSourcesBuildPhase;
			buildActionMask = 2147483647;
			files = (
			);
			runOnlyForDeploymentPostprocessing = 0;
		};
/* End PBXSourcesBuildPhase section */

/* Begin PBXTargetDependency section */
		BD7A4F882CB5FD090004A320 /* PBXTargetDependency */ = {
			isa = PBXTargetDependency;
			target = BD7A4F752CB5FD070004A320 /* lab_4_paolo */;
			targetProxy = BD7A4F872CB5FD090004A320 /* PBXContainerItemProxy */;
		};
		BD7A4F922CB5FD090004A320 /* PBXTargetDependency */ = {
			isa = PBXTargetDependency;
			target = BD7A4F752CB5FD070004A320 /* lab_4_paolo */;
			targetProxy = BD7A4F912CB5FD090004A320 /* PBXContainerItemProxy */;
		};
/* End PBXTargetDependency section */

/* Begin XCBuildConfiguration section */
		BD7A4F982CB5FD090004A320 /* Debug */ = {
			isa = XCBuildConfiguration;
			buildSettings = {
				ALWAYS_SEARCH_USER_PATHS = NO;
				ASSETCATALOG_COMPILER_GENERATE_SWIFT_ASSET_SYMBOL_EXTENSIONS = YES;
				CLANG_ANALYZER_NONNULL = YES;
				CLANG_ANALYZER_NUMBER_OBJECT_CONVERSION = YES_AGGRESSIVE;
				CLANG_CXX_LANGUAGE_STANDARD = "gnu++20";
				CLANG_ENABLE_MODULES = YES;
				CLANG_ENABLE_OBJC_ARC = YES;
				CLANG_ENABLE_OBJC_WEAK = YES;
				CLANG_WARN_BLOCK_CAPTURE_AUTORELEASING = YES;
				CLANG_WARN_BOOL_CONVERSION = YES;
				CLANG_WARN_COMMA = YES;
				CLANG_WARN_CONSTANT_CONVERSION = YES;
				CLANG_WARN_DEPRECATED_OBJC_IMPLEMENTATIONS = YES;
				CLANG_WARN_DIRECT_OBJC_ISA_USAGE = YES_ERROR;
				CLANG_WARN_DOCUMENTATION_COMMENTS = YES;
				CLANG_WARN_EMPTY_BODY = YES;
				CLANG_WARN_ENUM_CONVERSION = YES;
				CLANG_WARN_INFINITE_RECURSION = YES;
				CLANG_WARN_INT_CONVERSION = YES;
				CLANG_WARN_NON_LITERAL_NULL_CONVERSION = YES;
				CLANG_WARN_OBJC_IMPLICIT_RETAIN_SELF = YES;
				CLANG_WARN_OBJC_LITERAL_CONVERSION = YES;
				CLANG_WARN_OBJC_ROOT_CLASS = YES_ERROR;
				CLANG_WARN_QUOTED_INCLUDE_IN_FRAMEWORK_HEADER = YES;
				CLANG_WARN_RANGE_LOOP_ANALYSIS = YES;
				CLANG_WARN_STRICT_PROTOTYPES = YES;
				CLANG_WARN_SUSPICIOUS_MOVE = YES;
				CLANG_WARN_UNGUARDED_AVAILABILITY = YES_AGGRESSIVE;
				CLANG_WARN_UNREACHABLE_CODE = YES;
				CLANG_WARN__DUPLICATE_METHOD_MATCH = YES;
				COPY_PHASE_STRIP = NO;
				DEBUG_INFORMATION_FORMAT = dwarf;
				ENABLE_STRICT_OBJC_MSGSEND = YES;
				ENABLE_TESTABILITY = YES;
				ENABLE_USER_SCRIPT_SANDBOXING = YES;
				GCC_C_LANGUAGE_STANDARD = gnu17;
				GCC_DYNAMIC_NO_PIC = NO;
				GCC_NO_COMMON_BLOCKS = YES;
				GCC_OPTIMIZATION_LEVEL = 0;
				GCC_PREPROCESSOR_DEFINITIONS = (
					"DEBUG=1",
					"$(inherited)",
				);
				GCC_WARN_64_TO_32_BIT_CONVERSION = YES;
				GCC_WARN_ABOUT_RETURN_TYPE = YES_ERROR;
				GCC_WARN_UNDECLARED_SELECTOR = YES;
				GCC_WARN_UNINITIALIZED_AUTOS = YES_AGGRESSIVE;
				GCC_WARN_UNUSED_FUNCTION = YES;
				GCC_WARN_UNUSED_VARIABLE = YES;
				IPHONEOS_DEPLOYMENT_TARGET = 18.0;
				LOCALIZATION_PREFERS_STRING_CATALOGS = YES;
				MTL_ENABLE_DEBUG_INFO = INCLUDE_SOURCE;
				MTL_FAST_MATH = YES;
				ONLY_ACTIVE_ARCH = YES;
				SDKROOT = iphoneos;
				SWIFT_ACTIVE_COMPILATION_CONDITIONS = "DEBUG $(inherited)";
				SWIFT_OPTIMIZATION_LEVEL = "-Onone";
			};
			name = Debug;
		};
		BD7A4F992CB5FD090004A320 /* Release */ = {
			isa = XCBuildConfiguration;
			buildSettings = {
				ALWAYS_SEARCH_USER_PATHS = NO;
				ASSETCATALOG_COMPILER_GENERATE_SWIFT_ASSET_SYMBOL_EXTENSIONS = YES;
				CLANG_ANALYZER_NONNULL = YES;
				CLANG_ANALYZER_NUMBER_OBJECT_CONVERSION = YES_AGGRESSIVE;
				CLANG_CXX_LANGUAGE_STANDARD = "gnu++20";
				CLANG_ENABLE_MODULES = YES;
				CLANG_ENABLE_OBJC_ARC = YES;
				CLANG_ENABLE_OBJC_WEAK = YES;
				CLANG_WARN_BLOCK_CAPTURE_AUTORELEASING = YES;
				CLANG_WARN_BOOL_CONVERSION = YES;
				CLANG_WARN_COMMA = YES;
				CLANG_WARN_CONSTANT_CONVERSION = YES;
				CLANG_WARN_DEPRECATED_OBJC_IMPLEMENTATIONS = YES;
				CLANG_WARN_DIRECT_OBJC_ISA_USAGE = YES_ERROR;
				CLANG_WARN_DOCUMENTATION_COMMENTS = YES;
				CLANG_WARN_EMPTY_BODY = YES;
				CLANG_WARN_ENUM_CONVERSION = YES;
				CLANG_WARN_INFINITE_RECURSION = YES;
				CLANG_WARN_INT_CONVERSION = YES;
				CLANG_WARN_NON_LITERAL_NULL_CONVERSION = YES;
				CLANG_WARN_OBJC_IMPLICIT_RETAIN_SELF = YES;
				CLANG_WARN_OBJC_LITERAL_CONVERSION = YES;
				CLANG_WARN_OBJC_ROOT_CLASS = YES_ERROR;
				CLANG_WARN_QUOTED_INCLUDE_IN_FRAMEWORK_HEADER = YES;
				CLANG_WARN_RANGE_LOOP_ANALYSIS = YES;
				CLANG_WARN_STRICT_PROTOTYPES = YES;
				CLANG_WARN_SUSPICIOUS_MOVE = YES;
				CLANG_WARN_UNGUARDED_AVAILABILITY = YES_AGGRESSIVE;
				CLANG_WARN_UNREACHABLE_CODE = YES;
				CLANG_WARN__DUPLICATE_METHOD_MATCH = YES;
				COPY_PHASE_STRIP = NO;
				DEBUG_INFORMATION_FORMAT = "dwarf-with-dsym";
				ENABLE_NS_ASSERTIONS = NO;
				ENABLE_STRICT_OBJC_MSGSEND = YES;
				ENABLE_USER_SCRIPT_SANDBOXING = YES;
				GCC_C_LANGUAGE_STANDARD = gnu17;
				GCC_NO_COMMON_BLOCKS = YES;
				GCC_WARN_64_TO_32_BIT_CONVERSION = YES;
				GCC_WARN_ABOUT_RETURN_TYPE = YES_ERROR;
				GCC_WARN_UNDECLARED_SELECTOR = YES;
				GCC_WARN_UNINITIALIZED_AUTOS = YES_AGGRESSIVE;
				GCC_WARN_UNUSED_FUNCTION = YES;
				GCC_WARN_UNUSED_VARIABLE = YES;
				IPHONEOS_DEPLOYMENT_TARGET = 18.0;
				LOCALIZATION_PREFERS_STRING_CATALOGS = YES;
				MTL_ENABLE_DEBUG_INFO = NO;
				MTL_FAST_MATH = YES;
				SDKROOT = iphoneos;
				SWIFT_COMPILATION_MODE = wholemodule;
				VALIDATE_PRODUCT = YES;
			};
			name = Release;
		};
		BD7A4F9B2CB5FD090004A320 /* Debug */ = {
			isa = XCBuildConfiguration;
			buildSettings = {
				ASSETCATALOG_COMPILER_APPICON_NAME = AppIcon;
				ASSETCATALOG_COMPILER_GLOBAL_ACCENT_COLOR_NAME = AccentColor;
				CODE_SIGN_STYLE = Automatic;
				CURRENT_PROJECT_VERSION = 1;
				DEVELOPMENT_ASSET_PATHS = "\"lab_4_paolo/Preview Content\"";
				ENABLE_PREVIEWS = YES;
				GENERATE_INFOPLIST_FILE = YES;
				INFOPLIST_KEY_UIApplicationSceneManifest_Generation = YES;
				INFOPLIST_KEY_UIApplicationSupportsIndirectInputEvents = YES;
				INFOPLIST_KEY_UILaunchScreen_Generation = YES;
				INFOPLIST_KEY_UISupportedInterfaceOrientations_iPad = "UIInterfaceOrientationPortrait UIInterfaceOrientationPortraitUpsideDown UIInterfaceOrientationLandscapeLeft UIInterfaceOrientationLandscapeRight";
				INFOPLIST_KEY_UISupportedInterfaceOrientations_iPhone = "UIInterfaceOrientationPortrait UIInterfaceOrientationLandscapeLeft UIInterfaceOrientationLandscapeRight";
				LD_RUNPATH_SEARCH_PATHS = (
					"$(inherited)",
					"@executable_path/Frameworks",
				);
				MARKETING_VERSION = 1.0;
				PRODUCT_BUNDLE_IDENTIFIER = "fau.lab-4-paolo";
				PRODUCT_NAME = "$(TARGET_NAME)";
				SWIFT_EMIT_LOC_STRINGS = YES;
				SWIFT_VERSION = 5.0;
				TARGETED_DEVICE_FAMILY = "1,2";
			};
			name = Debug;
		};
		BD7A4F9C2CB5FD090004A320 /* Release */ = {
			isa = XCBuildConfiguration;
			buildSettings = {
				ASSETCATALOG_COMPILER_APPICON_NAME = AppIcon;
				ASSETCATALOG_COMPILER_GLOBAL_ACCENT_COLOR_NAME = AccentColor;
				CODE_SIGN_STYLE = Automatic;
				CURRENT_PROJECT_VERSION = 1;
				DEVELOPMENT_ASSET_PATHS = "\"lab_4_paolo/Preview Content\"";
				ENABLE_PREVIEWS = YES;
				GENERATE_INFOPLIST_FILE = YES;
				INFOPLIST_KEY_UIApplicationSceneManifest_Generation = YES;
				INFOPLIST_KEY_UIApplicationSupportsIndirectInputEvents = YES;
				INFOPLIST_KEY_UILaunchScreen_Generation = YES;
				INFOPLIST_KEY_UISupportedInterfaceOrientations_iPad = "UIInterfaceOrientationPortrait UIInterfaceOrientationPortraitUpsideDown UIInterfaceOrientationLandscapeLeft UIInterfaceOrientationLandscapeRight";
				INFOPLIST_KEY_UISupportedInterfaceOrientations_iPhone = "UIInterfaceOrientationPortrait UIInterfaceOrientationLandscapeLeft UIInterfaceOrientationLandscapeRight";
				LD_RUNPATH_SEARCH_PATHS = (
					"$(inherited)",
					"@executable_path/Frameworks",
				);
				MARKETING_VERSION = 1.0;
				PRODUCT_BUNDLE_IDENTIFIER = "fau.lab-4-paolo";
				PRODUCT_NAME = "$(TARGET_NAME)";
				SWIFT_EMIT_LOC_STRINGS = YES;
				SWIFT_VERSION = 5.0;
				TARGETED_DEVICE_FAMILY = "1,2";
			};
			name = Release;
		};
		BD7A4F9E2CB5FD090004A320 /* Debug */ = {
			isa = XCBuildConfiguration;
			buildSettings = {
				BUNDLE_LOADER = "$(TEST_HOST)";
				CODE_SIGN_STYLE = Automatic;
				CURRENT_PROJECT_VERSION = 1;
				GENERATE_INFOPLIST_FILE = YES;
				IPHONEOS_DEPLOYMENT_TARGET = 18.0;
				MARKETING_VERSION = 1.0;
				PRODUCT_BUNDLE_IDENTIFIER = "fau.lab-4-paoloTests";
				PRODUCT_NAME = "$(TARGET_NAME)";
				SWIFT_EMIT_LOC_STRINGS = NO;
				SWIFT_VERSION = 5.0;
				TARGETED_DEVICE_FAMILY = "1,2";
				TEST_HOST = "$(BUILT_PRODUCTS_DIR)/lab_4_paolo.app/$(BUNDLE_EXECUTABLE_FOLDER_PATH)/lab_4_paolo";
			};
			name = Debug;
		};
		BD7A4F9F2CB5FD090004A320 /* Release */ = {
			isa = XCBuildConfiguration;
			buildSettings = {
				BUNDLE_LOADER = "$(TEST_HOST)";
				CODE_SIGN_STYLE = Automatic;
				CURRENT_PROJECT_VERSION = 1;
				GENERATE_INFOPLIST_FILE = YES;
				IPHONEOS_DEPLOYMENT_TARGET = 18.0;
				MARKETING_VERSION = 1.0;
				PRODUCT_BUNDLE_IDENTIFIER = "fau.lab-4-paoloTests";
				PRODUCT_NAME = "$(TARGET_NAME)";
				SWIFT_EMIT_LOC_STRINGS = NO;
				SWIFT_VERSION = 5.0;
				TARGETED_DEVICE_FAMILY = "1,2";
				TEST_HOST = "$(BUILT_PRODUCTS_DIR)/lab_4_paolo.app/$(BUNDLE_EXECUTABLE_FOLDER_PATH)/lab_4_paolo";
			};
			name = Release;
		};
		BD7A4FA12CB5FD090004A320 /* Debug */ = {
			isa = XCBuildConfiguration;
			buildSettings = {
				CODE_SIGN_STYLE = Automatic;
				CURRENT_PROJECT_VERSION = 1;
				GENERATE_INFOPLIST_FILE = YES;
				MARKETING_VERSION = 1.0;
				PRODUCT_BUNDLE_IDENTIFIER = "fau.lab-4-paoloUITests";
				PRODUCT_NAME = "$(TARGET_NAME)";
				SWIFT_EMIT_LOC_STRINGS = NO;
				SWIFT_VERSION = 5.0;
				TARGETED_DEVICE_FAMILY = "1,2";
				TEST_TARGET_NAME = lab_4_paolo;
			};
			name = Debug;
		};
		BD7A4FA22CB5FD090004A320 /* Release */ = {
			isa = XCBuildConfiguration;
			buildSettings = {
				CODE_SIGN_STYLE = Automatic;
				CURRENT_PROJECT_VERSION = 1;
				GENERATE_INFOPLIST_FILE = YES;
				MARKETING_VERSION = 1.0;
				PRODUCT_BUNDLE_IDENTIFIER = "fau.lab-4-paoloUITests";
				PRODUCT_NAME = "$(TARGET_NAME)";
				SWIFT_EMIT_LOC_STRINGS = NO;
				SWIFT_VERSION = 5.0;
				TARGETED_DEVICE_FAMILY = "1,2";
				TEST_TARGET_NAME = lab_4_paolo;
			};
			name = Release;
		};
/* End XCBuildConfiguration section */

/* Begin XCConfigurationList section */
		BD7A4F712CB5FD070004A320 /* Build configuration list for PBXProject "lab_4_paolo" */ = {
			isa = XCConfigurationList;
			buildConfigurations = (
				BD7A4F982CB5FD090004A320 /* Debug */,
				BD7A4F992CB5FD090004A320 /* Release */,
			);
			defaultConfigurationIsVisible = 0;
			defaultConfigurationName = Release;
		};
		BD7A4F9A2CB5FD090004A320 /* Build configuration list for PBXNativeTarget "lab_4_paolo" */ = {
			isa = XCConfigurationList;
			buildConfigurations = (
				BD7A4F9B2CB5FD090004A320 /* Debug */,
				BD7A4F9C2CB5FD090004A320 /* Release */,
			);
			defaultConfigurationIsVisible = 0;
			defaultConfigurationName = Release;
		};
		BD7A4F9D2CB5FD090004A320 /* Build configuration list for PBXNativeTarget "lab_4_paoloTests" */ = {
			isa = XCConfigurationList;
			buildConfigurations = (
				BD7A4F9E2CB5FD090004A320 /* Debug */,
				BD7A4F9F2CB5FD090004A320 /* Release */,
			);
			defaultConfigurationIsVisible = 0;
			defaultConfigurationName = Release;
		};
		BD7A4FA02CB5FD090004A320 /* Build configuration list for PBXNativeTarget "lab_4_paoloUITests" */ = {
			isa = XCConfigurationList;
			buildConfigurations = (
				BD7A4FA12CB5FD090004A320 /* Debug */,
				BD7A4FA22CB5FD090004A320 /* Release */,
			);
			defaultConfigurationIsVisible = 0;
			defaultConfigurationName = Release;
		};
/* End XCConfigurationList section */
	};
	rootObject = BD7A4F6E2CB5FD070004A320 /* Project object */;
}
